
Microsoft Visual Studio Solution File, Format Version 12.00
# Visual Studio Version 17
VisualStudioVersion = 17.13.35913.81
MinimumVisualStudioVersion = 10.0.40219.1
Project("{2150E333-8FDC-42A3-9474-1A3956D46DE8}") = "Bots", "Bots", "{3D84C8CA-98E2-CD35-74F7-BC183E18B6DF}"
EndProject
Project("{FAE04EC0-301F-11D3-BF4B-00C04F79EFBC}") = "StaticHeuro", "Bots\StaticHeuro\StaticHeuro.csproj", "{0732B7E9-322E-B691-E109-254E6D7EEE89}"
EndProject
Project("{FAE04EC0-301F-11D3-BF4B-00C04F79EFBC}") = "Marvijo.Zooscape.Bots.Common", "Marvijo.Zooscape.Bots.Common\Marvijo.Zooscape.Bots.Common.csproj", "{3803D500-4F10-EE4A-2ED5-6E16FE45181A}"
EndProject
Global
	GlobalSection(SolutionConfigurationPlatforms) = preSolution
		Debug|Any CPU = Debug|Any CPU
		Release|Any CPU = Release|Any CPU
	EndGlobalSection
	GlobalSection(ProjectConfigurationPlatforms) = postSolution
		{0732B7E9-322E-B691-E109-254E6D7EEE89}.Debug|Any CPU.ActiveCfg = Debug|Any CPU
		{0732B7E9-322E-B691-E109-254E6D7EEE89}.Debug|Any CPU.Build.0 = Debug|Any CPU
		{0732B7E9-322E-B691-E109-254E6D7EEE89}.Release|Any CPU.ActiveCfg = Release|Any CPU
		{0732B7E9-322E-B691-E109-254E6D7EEE89}.Release|Any CPU.Build.0 = Release|Any CPU
		{3803D500-4F10-EE4A-2ED5-6E16FE45181A}.Debug|Any CPU.ActiveCfg = Debug|Any CPU
		{3803D500-4F10-EE4A-2ED5-6E16FE45181A}.Debug|Any CPU.Build.0 = Debug|Any CPU
		{3803D500-4F10-EE4A-2ED5-6E16FE45181A}.Release|Any CPU.ActiveCfg = Release|Any CPU
		{3803D500-4F10-EE4A-2ED5-6E16FE45181A}.Release|Any CPU.Build.0 = Release|Any CPU
	EndGlobalSection
	GlobalSection(SolutionProperties) = preSolution
		HideSolutionNode = FALSE
	EndGlobalSection
	GlobalSection(NestedProjects) = preSolution
		{0732B7E9-322E-B691-E109-254E6D7EEE89} = {3D84C8CA-98E2-CD35-74F7-BC183E18B6DF}
	EndGlobalSection
	GlobalSection(ExtensibilityGlobals) = postSolution
		SolutionGuid = {2A1F68EB-26F3-4DD9-B554-8875273A02D8}
	EndGlobalSection
EndGlobal
