
Microsoft Visual Studio Solution File, Format Version 12.00
# Visual Studio Version 17
VisualStudioVersion = 17.13.35913.81
MinimumVisualStudioVersion = 10.0.40219.1
Project("{2150E333-8FDC-42A3-9474-1A3956D46DE8}") = "Bots", "Bots", "{3D84C8CA-98E2-CD35-74F7-BC183E18B6DF}"
EndProject
Project("{FAE04EC0-301F-11D3-BF4B-00C04F79EFBC}") = "BasicBot", "Bots\BasicBot\BasicBot.csproj", "{00BA14D4-3C8A-4240-88EF-56AC02317220}"
EndProject
Global
	GlobalSection(SolutionConfigurationPlatforms) = preSolution
		Debug|Any CPU = Debug|Any CPU
		Debug|x64 = Debug|x64
		Debug|x86 = Debug|x86
		Release|Any CPU = Release|Any CPU
		Release|x64 = Release|x64
		Release|x86 = Release|x86
	EndGlobalSection
	GlobalSection(ProjectConfigurationPlatforms) = postSolution
		{00BA14D4-3C8A-4240-88EF-56AC02317220}.Debug|Any CPU.ActiveCfg = Debug|Any CPU
		{00BA14D4-3C8A-4240-88EF-56AC02317220}.Debug|Any CPU.Build.0 = Debug|Any CPU
		{00BA14D4-3C8A-4240-88EF-56AC02317220}.Debug|x64.ActiveCfg = Debug|Any CPU
		{00BA14D4-3C8A-4240-88EF-56AC02317220}.Debug|x64.Build.0 = Debug|Any CPU
		{00BA14D4-3C8A-4240-88EF-56AC02317220}.Debug|x86.ActiveCfg = Debug|Any CPU
		{00BA14D4-3C8A-4240-88EF-56AC02317220}.Debug|x86.Build.0 = Debug|Any CPU
		{00BA14D4-3C8A-4240-88EF-56AC02317220}.Release|Any CPU.ActiveCfg = Release|Any CPU
		{00BA14D4-3C8A-4240-88EF-56AC02317220}.Release|Any CPU.Build.0 = Release|Any CPU
		{00BA14D4-3C8A-4240-88EF-56AC02317220}.Release|x64.ActiveCfg = Release|Any CPU
		{00BA14D4-3C8A-4240-88EF-56AC02317220}.Release|x64.Build.0 = Release|Any CPU
		{00BA14D4-3C8A-4240-88EF-56AC02317220}.Release|x86.ActiveCfg = Release|Any CPU
		{00BA14D4-3C8A-4240-88EF-56AC02317220}.Release|x86.Build.0 = Release|Any CPU
	EndGlobalSection
	GlobalSection(SolutionProperties) = preSolution
		HideSolutionNode = FALSE
	EndGlobalSection
	GlobalSection(NestedProjects) = preSolution
		{00BA14D4-3C8A-4240-88EF-56AC02317220} = {3D84C8CA-98E2-CD35-74F7-BC183E18B6DF}
	EndGlobalSection
	GlobalSection(ExtensibilityGlobals) = postSolution
		SolutionGuid = {2A1F68EB-26F3-4DD9-B554-8875273A02D8}
	EndGlobalSection
EndGlobal
