
Microsoft Visual Studio Solution File, Format Version 12.00
# Visual Studio Version 17
VisualStudioVersion = 17.11.35327.3
MinimumVisualStudioVersion = 10.0.40219.1
Project("{9A19103F-16F7-4668-BE54-9A1E7A4F7556}") = "Zooscape", "Zooscape\Zooscape.csproj", "{B00F93B3-BECB-490E-8AC1-FA8E20354DBB}"
EndProject
Project("{9A19103F-16F7-4668-BE54-9A1E7A4F7556}") = "Zooscape.Domain", "Domain\Zooscape.Domain.csproj", "{C86E5A32-6439-4D70-9F2B-4F55B777A642}"
EndProject
Project("{9A19103F-16F7-4668-BE54-9A1E7A4F7556}") = "Zooscape.Infrastructure.CloudIntegration", "CloudIntegration\Zooscape.Infrastructure.CloudIntegration.csproj", "{7EB43E39-DD62-49E2-AE73-818BE6431AE3}"
EndProject
Project("{2150E333-8FDC-42A3-9474-1A3956D46DE8}") = "Solution Items", "Solution Items", "{FF48B72A-AD91-439A-881A-F1E3A13AD887}"
	ProjectSection(SolutionItems) = preProject
		.dockerignore = .dockerignore
		.editorconfig = .editorconfig
		.gitattributes = .gitattributes
		.gitignore = .gitignore
		bitbucket-pipelines.yml = bitbucket-pipelines.yml
		docker-compose.yml = docker-compose.yml
		Dockerfile = Dockerfile
		README.md = README.md
		Rules.md = Rules.md
		run.bat = run.bat
		run.sh = run.sh
	EndProjectSection
EndProject
Project("{2150E333-8FDC-42A3-9474-1A3956D46DE8}") = "Infrastructure", "Infrastructure", "{2CA273E4-6994-4979-A05F-0FB70DC2C860}"
EndProject
Project("{2150E333-8FDC-42A3-9474-1A3956D46DE8}") = "Domain", "Domain", "{BD189B30-7865-490A-9ECD-C9294CF1B037}"
EndProject
Project("{2150E333-8FDC-42A3-9474-1A3956D46DE8}") = "Application", "Application", "{39BAE9E9-54AB-46BD-A10B-18EB0991E12B}"
EndProject
Project("{2150E333-8FDC-42A3-9474-1A3956D46DE8}") = "Presentation", "Presentation", "{248240D7-BB99-4C3D-BF04-9CC58F9BA97C}"
EndProject
Project("{9A19103F-16F7-4668-BE54-9A1E7A4F7556}") = "Zooscape.Application", "Application\Zooscape.Application.csproj", "{D758131A-4823-4116-941D-FCE3D4E99BED}"
EndProject
Project("{9A19103F-16F7-4668-BE54-9A1E7A4F7556}") = "Zooscape.Infrastructure.SignalRHub", "SignalRHub\Zooscape.Infrastructure.SignalRHub.csproj", "{B343AE3A-854E-4DA8-A37D-A69230B76E96}"
EndProject
Project("{FAE04EC0-301F-11D3-BF4B-00C04F79EFBC}") = "ZooscapeTests", "ZooscapeTests\ZooscapeTests.csproj", "{2061F840-5350-4D7A-914E-453467B83B92}"
EndProject
Project("{FAE04EC0-301F-11D3-BF4B-00C04F79EFBC}") = "S3Logger", "S3Logger\S3Logger.csproj", "{2BB04696-BDDD-4CFF-AE40-60521FE8E171}"
EndProject
Project("{FAE04EC0-301F-11D3-BF4B-00C04F79EFBC}") = "MapToImage", "MapToImage\MapToImage.csproj", "{209E0F17-BAFA-48DA-8F13-12EB9C64FE0A}"
EndProject
Global
	GlobalSection(SolutionConfigurationPlatforms) = preSolution
		Debug|Any CPU = Debug|Any CPU
		Release|Any CPU = Release|Any CPU
	EndGlobalSection
	GlobalSection(ProjectConfigurationPlatforms) = postSolution
		{B00F93B3-BECB-490E-8AC1-FA8E20354DBB}.Debug|Any CPU.ActiveCfg = Debug|Any CPU
		{B00F93B3-BECB-490E-8AC1-FA8E20354DBB}.Debug|Any CPU.Build.0 = Debug|Any CPU
		{B00F93B3-BECB-490E-8AC1-FA8E20354DBB}.Release|Any CPU.ActiveCfg = Release|Any CPU
		{B00F93B3-BECB-490E-8AC1-FA8E20354DBB}.Release|Any CPU.Build.0 = Release|Any CPU
		{C86E5A32-6439-4D70-9F2B-4F55B777A642}.Debug|Any CPU.ActiveCfg = Debug|Any CPU
		{C86E5A32-6439-4D70-9F2B-4F55B777A642}.Debug|Any CPU.Build.0 = Debug|Any CPU
		{C86E5A32-6439-4D70-9F2B-4F55B777A642}.Release|Any CPU.ActiveCfg = Release|Any CPU
		{C86E5A32-6439-4D70-9F2B-4F55B777A642}.Release|Any CPU.Build.0 = Release|Any CPU
		{7EB43E39-DD62-49E2-AE73-818BE6431AE3}.Debug|Any CPU.ActiveCfg = Debug|Any CPU
		{7EB43E39-DD62-49E2-AE73-818BE6431AE3}.Debug|Any CPU.Build.0 = Debug|Any CPU
		{7EB43E39-DD62-49E2-AE73-818BE6431AE3}.Release|Any CPU.ActiveCfg = Release|Any CPU
		{7EB43E39-DD62-49E2-AE73-818BE6431AE3}.Release|Any CPU.Build.0 = Release|Any CPU
		{D758131A-4823-4116-941D-FCE3D4E99BED}.Debug|Any CPU.ActiveCfg = Debug|Any CPU
		{D758131A-4823-4116-941D-FCE3D4E99BED}.Debug|Any CPU.Build.0 = Debug|Any CPU
		{D758131A-4823-4116-941D-FCE3D4E99BED}.Release|Any CPU.ActiveCfg = Release|Any CPU
		{D758131A-4823-4116-941D-FCE3D4E99BED}.Release|Any CPU.Build.0 = Release|Any CPU
		{B343AE3A-854E-4DA8-A37D-A69230B76E96}.Debug|Any CPU.ActiveCfg = Debug|Any CPU
		{B343AE3A-854E-4DA8-A37D-A69230B76E96}.Debug|Any CPU.Build.0 = Debug|Any CPU
		{B343AE3A-854E-4DA8-A37D-A69230B76E96}.Release|Any CPU.ActiveCfg = Release|Any CPU
		{B343AE3A-854E-4DA8-A37D-A69230B76E96}.Release|Any CPU.Build.0 = Release|Any CPU
		{2061F840-5350-4D7A-914E-453467B83B92}.Debug|Any CPU.ActiveCfg = Debug|Any CPU
		{2061F840-5350-4D7A-914E-453467B83B92}.Debug|Any CPU.Build.0 = Debug|Any CPU
		{2061F840-5350-4D7A-914E-453467B83B92}.Release|Any CPU.ActiveCfg = Release|Any CPU
		{2061F840-5350-4D7A-914E-453467B83B92}.Release|Any CPU.Build.0 = Release|Any CPU
		{2BB04696-BDDD-4CFF-AE40-60521FE8E171}.Debug|Any CPU.ActiveCfg = Debug|Any CPU
		{2BB04696-BDDD-4CFF-AE40-60521FE8E171}.Debug|Any CPU.Build.0 = Debug|Any CPU
		{2BB04696-BDDD-4CFF-AE40-60521FE8E171}.Release|Any CPU.ActiveCfg = Release|Any CPU
		{2BB04696-BDDD-4CFF-AE40-60521FE8E171}.Release|Any CPU.Build.0 = Release|Any CPU
		{209E0F17-BAFA-48DA-8F13-12EB9C64FE0A}.Debug|Any CPU.ActiveCfg = Debug|Any CPU
		{209E0F17-BAFA-48DA-8F13-12EB9C64FE0A}.Debug|Any CPU.Build.0 = Debug|Any CPU
		{209E0F17-BAFA-48DA-8F13-12EB9C64FE0A}.Release|Any CPU.ActiveCfg = Release|Any CPU
		{209E0F17-BAFA-48DA-8F13-12EB9C64FE0A}.Release|Any CPU.Build.0 = Release|Any CPU
	EndGlobalSection
	GlobalSection(SolutionProperties) = preSolution
		HideSolutionNode = FALSE
	EndGlobalSection
	GlobalSection(NestedProjects) = preSolution
		{B00F93B3-BECB-490E-8AC1-FA8E20354DBB} = {248240D7-BB99-4C3D-BF04-9CC58F9BA97C}
		{C86E5A32-6439-4D70-9F2B-4F55B777A642} = {BD189B30-7865-490A-9ECD-C9294CF1B037}
		{7EB43E39-DD62-49E2-AE73-818BE6431AE3} = {2CA273E4-6994-4979-A05F-0FB70DC2C860}
		{D758131A-4823-4116-941D-FCE3D4E99BED} = {39BAE9E9-54AB-46BD-A10B-18EB0991E12B}
		{B343AE3A-854E-4DA8-A37D-A69230B76E96} = {2CA273E4-6994-4979-A05F-0FB70DC2C860}
		{2BB04696-BDDD-4CFF-AE40-60521FE8E171} = {2CA273E4-6994-4979-A05F-0FB70DC2C860}
		{209E0F17-BAFA-48DA-8F13-12EB9C64FE0A} = {248240D7-BB99-4C3D-BF04-9CC58F9BA97C}
	EndGlobalSection
	GlobalSection(ExtensibilityGlobals) = postSolution
		SolutionGuid = {F22264D2-9B52-46CB-AE8F-3088476751B2}
	EndGlobalSection
EndGlobal
