
Microsoft Visual Studio Solution File, Format Version 12.00
# Visual Studio Version 17
VisualStudioVersion = 17.13.35818.85 d17.13
MinimumVisualStudioVersion = 10.0.40219.1
Project("{FAE04EC0-301F-11D3-BF4B-00C04F79EFBC}") = "MapGenerator", "MapGenerator.csproj", "{C8AB2907-30BC-42D6-A288-69F713A247F3}"
EndProject
Global
	GlobalSection(SolutionConfigurationPlatforms) = preSolution
		Debug|Any CPU = Debug|Any CPU
		Release|Any CPU = Release|Any CPU
	EndGlobalSection
	GlobalSection(ProjectConfigurationPlatforms) = postSolution
		{C8AB2907-30BC-42D6-A288-69F713A247F3}.Debug|Any CPU.ActiveCfg = Debug|Any CPU
		{C8AB2907-30BC-42D6-A288-69F713A247F3}.Debug|Any CPU.Build.0 = Debug|Any CPU
		{C8AB2907-30BC-42D6-A288-69F713A247F3}.Release|Any CPU.ActiveCfg = Release|Any CPU
		{C8AB2907-30BC-42D6-A288-69F713A247F3}.Release|Any CPU.Build.0 = Release|Any CPU
	EndGlobalSection
	GlobalSection(SolutionProperties) = preSolution
		HideSolutionNode = FALSE
	EndGlobalSection
	GlobalSection(ExtensibilityGlobals) = postSolution
		SolutionGuid = {2D844149-E730-4136-9E21-A7BF71933404}
	EndGlobalSection
EndGlobal
